// !$*UTF8*$!
{
	archiveVersion = 1;
	classes = {
	};
	objectVersion = 46;
	objects = {

/* Begin PBXBuildFile section */
		492F37351C7B9872006EEA51 /* UIColor+CS89.swift in Sources */ = {isa = PBXBuildFile; fileRef = 492F37341C7B9872006EEA51 /* UIColor+CS89.swift */; };
		4984250E1C6E1D07009309ED /* AppDelegate.swift in Sources */ = {isa = PBXBuildFile; fileRef = 4984250D1C6E1D07009309ED /* AppDelegate.swift */; };
		498425101C6E1D07009309ED /* BuyTicketsViewController.swift in Sources */ = {isa = PBXBuildFile; fileRef = 4984250F1C6E1D07009309ED /* BuyTicketsViewController.swift */; };
		498425121C6E1D07009309ED /* TicketsViewController.swift in Sources */ = {isa = PBXBuildFile; fileRef = 498425111C6E1D07009309ED /* TicketsViewController.swift */; };
		498425151C6E1D07009309ED /* Main.storyboard in Resources */ = {isa = PBXBuildFile; fileRef = 498425131C6E1D07009309ED /* Main.storyboard */; };
		498425171C6E1D07009309ED /* Assets.xcassets in Resources */ = {isa = PBXBuildFile; fileRef = 498425161C6E1D07009309ED /* Assets.xcassets */; };
		4984251A1C6E1D07009309ED /* LaunchScreen.storyboard in Resources */ = {isa = PBXBuildFile; fileRef = 498425181C6E1D07009309ED /* LaunchScreen.storyboard */; };
		498425221C6E71FD009309ED /* CalendarViewController.swift in Sources */ = {isa = PBXBuildFile; fileRef = 498425211C6E71FD009309ED /* CalendarViewController.swift */; };
		498425241C6E764E009309ED /* TicketTableViewCell.swift in Sources */ = {isa = PBXBuildFile; fileRef = 498425231C6E764E009309ED /* TicketTableViewCell.swift */; };
		498425261C6E7685009309ED /* TicketTableViewCell.xib in Resources */ = {isa = PBXBuildFile; fileRef = 498425251C6E7685009309ED /* TicketTableViewCell.xib */; };
		498425281C6FD243009309ED /* UIAlertViewController+CS89.swift in Sources */ = {isa = PBXBuildFile; fileRef = 498425271C6FD243009309ED /* UIAlertViewController+CS89.swift */; };
		49EA646B1C79264300F3631E /* BusTimeView.swift in Sources */ = {isa = PBXBuildFile; fileRef = 49EA646A1C79264300F3631E /* BusTimeView.swift */; };
		49EA646D1C79265800F3631E /* BusTimeView.xib in Resources */ = {isa = PBXBuildFile; fileRef = 49EA646C1C79265800F3631E /* BusTimeView.xib */; };
		81FC000383055BB57253D748 /* Pods_Dartmouth_Coach.framework in Frameworks */ = {isa = PBXBuildFile; fileRef = 8476712619285ACB04AA49C4 /* Pods_Dartmouth_Coach.framework */; settings = {ATTRIBUTES = (Weak, ); }; };
		B53EB0D31C72ADE800E194D8 /* BusStopViewController.swift in Sources */ = {isa = PBXBuildFile; fileRef = B53EB0D21C72ADE800E194D8 /* BusStopViewController.swift */; };
		B53EB0D51C72AE2100E194D8 /* InfoViewController.swift in Sources */ = {isa = PBXBuildFile; fileRef = B53EB0D41C72AE2100E194D8 /* InfoViewController.swift */; };
/* End PBXBuildFile section */

/* Begin PBXFileReference section */
		492F37341C7B9872006EEA51 /* UIColor+CS89.swift */ = {isa = PBXFileReference; fileEncoding = 4; lastKnownFileType = sourcecode.swift; path = "UIColor+CS89.swift"; sourceTree = "<group>"; };
		49367D511C7A728800416E38 /* Dartmouth Coach.entitlements */ = {isa = PBXFileReference; lastKnownFileType = text.xml; path = "Dartmouth Coach.entitlements"; sourceTree = "<group>"; };
		4984250A1C6E1D07009309ED /* Dartmouth Coach.app */ = {isa = PBXFileReference; explicitFileType = wrapper.application; includeInIndex = 0; path = "Dartmouth Coach.app"; sourceTree = BUILT_PRODUCTS_DIR; };
		4984250D1C6E1D07009309ED /* AppDelegate.swift */ = {isa = PBXFileReference; lastKnownFileType = sourcecode.swift; path = AppDelegate.swift; sourceTree = "<group>"; };
		4984250F1C6E1D07009309ED /* BuyTicketsViewController.swift */ = {isa = PBXFileReference; lastKnownFileType = sourcecode.swift; path = BuyTicketsViewController.swift; sourceTree = "<group>"; };
		498425111C6E1D07009309ED /* TicketsViewController.swift */ = {isa = PBXFileReference; lastKnownFileType = sourcecode.swift; path = TicketsViewController.swift; sourceTree = "<group>"; };
		498425141C6E1D07009309ED /* Base */ = {isa = PBXFileReference; lastKnownFileType = file.storyboard; name = Base; path = Base.lproj/Main.storyboard; sourceTree = "<group>"; };
		498425161C6E1D07009309ED /* Assets.xcassets */ = {isa = PBXFileReference; lastKnownFileType = folder.assetcatalog; path = Assets.xcassets; sourceTree = "<group>"; };
		498425191C6E1D07009309ED /* Base */ = {isa = PBXFileReference; lastKnownFileType = file.storyboard; name = Base; path = Base.lproj/LaunchScreen.storyboard; sourceTree = "<group>"; };
		4984251B1C6E1D07009309ED /* Info.plist */ = {isa = PBXFileReference; lastKnownFileType = text.plist.xml; path = Info.plist; sourceTree = "<group>"; };
		498425211C6E71FD009309ED /* CalendarViewController.swift */ = {isa = PBXFileReference; fileEncoding = 4; lastKnownFileType = sourcecode.swift; path = CalendarViewController.swift; sourceTree = "<group>"; };
		498425231C6E764E009309ED /* TicketTableViewCell.swift */ = {isa = PBXFileReference; fileEncoding = 4; lastKnownFileType = sourcecode.swift; path = TicketTableViewCell.swift; sourceTree = "<group>"; };
		498425251C6E7685009309ED /* TicketTableViewCell.xib */ = {isa = PBXFileReference; fileEncoding = 4; lastKnownFileType = file.xib; path = TicketTableViewCell.xib; sourceTree = "<group>"; };
		498425271C6FD243009309ED /* UIAlertViewController+CS89.swift */ = {isa = PBXFileReference; fileEncoding = 4; lastKnownFileType = sourcecode.swift; path = "UIAlertViewController+CS89.swift"; sourceTree = "<group>"; };
		49EA646A1C79264300F3631E /* BusTimeView.swift */ = {isa = PBXFileReference; fileEncoding = 4; lastKnownFileType = sourcecode.swift; path = BusTimeView.swift; sourceTree = "<group>"; };
		49EA646C1C79265800F3631E /* BusTimeView.xib */ = {isa = PBXFileReference; fileEncoding = 4; lastKnownFileType = file.xib; path = BusTimeView.xib; sourceTree = "<group>"; };
		5BDA638E5BBB3BFF09FC2497 /* Pods-Dartmouth Coach.debug.xcconfig */ = {isa = PBXFileReference; includeInIndex = 1; lastKnownFileType = text.xcconfig; name = "Pods-Dartmouth Coach.debug.xcconfig"; path = "Pods/Target Support Files/Pods-Dartmouth Coach/Pods-Dartmouth Coach.debug.xcconfig"; sourceTree = "<group>"; };
		8476712619285ACB04AA49C4 /* Pods_Dartmouth_Coach.framework */ = {isa = PBXFileReference; explicitFileType = wrapper.framework; includeInIndex = 0; path = Pods_Dartmouth_Coach.framework; sourceTree = BUILT_PRODUCTS_DIR; };
		9C72791FACB56C12F0704E06 /* Pods-Dartmouth Coach.release.xcconfig */ = {isa = PBXFileReference; includeInIndex = 1; lastKnownFileType = text.xcconfig; name = "Pods-Dartmouth Coach.release.xcconfig"; path = "Pods/Target Support Files/Pods-Dartmouth Coach/Pods-Dartmouth Coach.release.xcconfig"; sourceTree = "<group>"; };
		B53EB0D21C72ADE800E194D8 /* BusStopViewController.swift */ = {isa = PBXFileReference; fileEncoding = 4; lastKnownFileType = sourcecode.swift; path = BusStopViewController.swift; sourceTree = "<group>"; };
		B53EB0D41C72AE2100E194D8 /* InfoViewController.swift */ = {isa = PBXFileReference; fileEncoding = 4; lastKnownFileType = sourcecode.swift; path = InfoViewController.swift; sourceTree = "<group>"; };
/* End PBXFileReference section */

/* Begin PBXFrameworksBuildPhase section */
		498425071C6E1D07009309ED /* Frameworks */ = {
			isa = PBXFrameworksBuildPhase;
			buildActionMask = 2147483647;
			files = (
				81FC000383055BB57253D748 /* Pods_Dartmouth_Coach.framework in Frameworks */,
			);
			runOnlyForDeploymentPostprocessing = 0;
		};
/* End PBXFrameworksBuildPhase section */

/* Begin PBXGroup section */
		498425011C6E1D07009309ED = {
			isa = PBXGroup;
			children = (
				4984250C1C6E1D07009309ED /* Dartmouth Coach */,
				4984250B1C6E1D07009309ED /* Products */,
				734F24F16262F601BE8B8703 /* Pods */,
				C5F8373E39A66D2D205CEBC8 /* Frameworks */,
			);
			sourceTree = "<group>";
		};
		4984250B1C6E1D07009309ED /* Products */ = {
			isa = PBXGroup;
			children = (
				4984250A1C6E1D07009309ED /* Dartmouth Coach.app */,
			);
			name = Products;
			sourceTree = "<group>";
		};
		4984250C1C6E1D07009309ED /* Dartmouth Coach */ = {
			isa = PBXGroup;
			children = (
				49367D511C7A728800416E38 /* Dartmouth Coach.entitlements */,
				4984250D1C6E1D07009309ED /* AppDelegate.swift */,
				4984250F1C6E1D07009309ED /* BuyTicketsViewController.swift */,
				498425111C6E1D07009309ED /* TicketsViewController.swift */,
				498425271C6FD243009309ED /* UIAlertViewController+CS89.swift */,
				492F37341C7B9872006EEA51 /* UIColor+CS89.swift */,
				B53EB0D21C72ADE800E194D8 /* BusStopViewController.swift */,
				B53EB0D41C72AE2100E194D8 /* InfoViewController.swift */,
				498425131C6E1D07009309ED /* Main.storyboard */,
				49EA646A1C79264300F3631E /* BusTimeView.swift */,
				49EA646C1C79265800F3631E /* BusTimeView.xib */,
				498425231C6E764E009309ED /* TicketTableViewCell.swift */,
				498425251C6E7685009309ED /* TicketTableViewCell.xib */,
				498425211C6E71FD009309ED /* CalendarViewController.swift */,
				498425161C6E1D07009309ED /* Assets.xcassets */,
				498425181C6E1D07009309ED /* LaunchScreen.storyboard */,
				4984251B1C6E1D07009309ED /* Info.plist */,
			);
			path = "Dartmouth Coach";
			sourceTree = "<group>";
		};
		734F24F16262F601BE8B8703 /* Pods */ = {
			isa = PBXGroup;
			children = (
				5BDA638E5BBB3BFF09FC2497 /* Pods-Dartmouth Coach.debug.xcconfig */,
				9C72791FACB56C12F0704E06 /* Pods-Dartmouth Coach.release.xcconfig */,
			);
			name = Pods;
			sourceTree = "<group>";
		};
		C5F8373E39A66D2D205CEBC8 /* Frameworks */ = {
			isa = PBXGroup;
			children = (
				8476712619285ACB04AA49C4 /* Pods_Dartmouth_Coach.framework */,
			);
			name = Frameworks;
			sourceTree = "<group>";
		};
/* End PBXGroup section */

/* Begin PBXNativeTarget section */
		498425091C6E1D07009309ED /* Dartmouth Coach */ = {
			isa = PBXNativeTarget;
			buildConfigurationList = 4984251E1C6E1D07009309ED /* Build configuration list for PBXNativeTarget "Dartmouth Coach" */;
			buildPhases = (
				EFC982524AB0126AE2A81D11 /* Check Pods Manifest.lock */,
				498425061C6E1D07009309ED /* Sources */,
				498425071C6E1D07009309ED /* Frameworks */,
				498425081C6E1D07009309ED /* Resources */,
				E1835C1E7B2027377FB9A7B6 /* Embed Pods Frameworks */,
				D46071BFD2929D95AE3C8B3D /* Copy Pods Resources */,
			);
			buildRules = (
			);
			dependencies = (
			);
			name = "Dartmouth Coach";
			productName = "Dartmouth Coach";
			productReference = 4984250A1C6E1D07009309ED /* Dartmouth Coach.app */;
			productType = "com.apple.product-type.application";
		};
/* End PBXNativeTarget section */

/* Begin PBXProject section */
		498425021C6E1D07009309ED /* Project object */ = {
			isa = PBXProject;
			attributes = {
				LastSwiftUpdateCheck = 0720;
				LastUpgradeCheck = 0720;
				ORGANIZATIONNAME = CS89;
				TargetAttributes = {
					498425091C6E1D07009309ED = {
						CreatedOnToolsVersion = 7.2.1;
						DevelopmentTeam = D5K5E5A4U4;
						SystemCapabilities = {
							com.apple.OMC = {
								enabled = 0;
							};
						};
					};
				};
			};
			buildConfigurationList = 498425051C6E1D07009309ED /* Build configuration list for PBXProject "Dartmouth Coach" */;
			compatibilityVersion = "Xcode 3.2";
			developmentRegion = English;
			hasScannedForEncodings = 0;
			knownRegions = (
				en,
				Base,
			);
			mainGroup = 498425011C6E1D07009309ED;
			productRefGroup = 4984250B1C6E1D07009309ED /* Products */;
			projectDirPath = "";
			projectRoot = "";
			targets = (
				498425091C6E1D07009309ED /* Dartmouth Coach */,
			);
		};
/* End PBXProject section */

/* Begin PBXResourcesBuildPhase section */
		498425081C6E1D07009309ED /* Resources */ = {
			isa = PBXResourcesBuildPhase;
			buildActionMask = 2147483647;
			files = (
				49EA646D1C79265800F3631E /* BusTimeView.xib in Resources */,
				4984251A1C6E1D07009309ED /* LaunchScreen.storyboard in Resources */,
				498425171C6E1D07009309ED /* Assets.xcassets in Resources */,
				498425151C6E1D07009309ED /* Main.storyboard in Resources */,
				498425261C6E7685009309ED /* TicketTableViewCell.xib in Resources */,
			);
			runOnlyForDeploymentPostprocessing = 0;
		};
/* End PBXResourcesBuildPhase section */

/* Begin PBXShellScriptBuildPhase section */
		D46071BFD2929D95AE3C8B3D /* Copy Pods Resources */ = {
			isa = PBXShellScriptBuildPhase;
			buildActionMask = 2147483647;
			files = (
			);
			inputPaths = (
			);
			name = "Copy Pods Resources";
			outputPaths = (
			);
			runOnlyForDeploymentPostprocessing = 0;
			shellPath = /bin/sh;
			shellScript = "\"${SRCROOT}/Pods/Target Support Files/Pods-Dartmouth Coach/Pods-Dartmouth Coach-resources.sh\"\n";
			showEnvVarsInLog = 0;
		};
		E1835C1E7B2027377FB9A7B6 /* Embed Pods Frameworks */ = {
			isa = PBXShellScriptBuildPhase;
			buildActionMask = 2147483647;
			files = (
			);
			inputPaths = (
			);
			name = "Embed Pods Frameworks";
			outputPaths = (
			);
			runOnlyForDeploymentPostprocessing = 0;
			shellPath = /bin/sh;
			shellScript = "\"${SRCROOT}/Pods/Target Support Files/Pods-Dartmouth Coach/Pods-Dartmouth Coach-frameworks.sh\"\n";
			showEnvVarsInLog = 0;
		};
		EFC982524AB0126AE2A81D11 /* Check Pods Manifest.lock */ = {
			isa = PBXShellScriptBuildPhase;
			buildActionMask = 2147483647;
			files = (
			);
			inputPaths = (
			);
			name = "Check Pods Manifest.lock";
			outputPaths = (
			);
			runOnlyForDeploymentPostprocessing = 0;
			shellPath = /bin/sh;
			shellScript = "diff \"${PODS_ROOT}/../Podfile.lock\" \"${PODS_ROOT}/Manifest.lock\" > /dev/null\nif [[ $? != 0 ]] ; then\n    cat << EOM\nerror: The sandbox is not in sync with the Podfile.lock. Run 'pod install' or update your CocoaPods installation.\nEOM\n    exit 1\nfi\n";
			showEnvVarsInLog = 0;
		};
/* End PBXShellScriptBuildPhase section */

/* Begin PBXSourcesBuildPhase section */
		498425061C6E1D07009309ED /* Sources */ = {
			isa = PBXSourcesBuildPhase;
			buildActionMask = 2147483647;
			files = (
				498425281C6FD243009309ED /* UIAlertViewController+CS89.swift in Sources */,
				B53EB0D31C72ADE800E194D8 /* BusStopViewController.swift in Sources */,
				492F37351C7B9872006EEA51 /* UIColor+CS89.swift in Sources */,
				498425221C6E71FD009309ED /* CalendarViewController.swift in Sources */,
				498425121C6E1D07009309ED /* TicketsViewController.swift in Sources */,
				498425241C6E764E009309ED /* TicketTableViewCell.swift in Sources */,
				4984250E1C6E1D07009309ED /* AppDelegate.swift in Sources */,
				49EA646B1C79264300F3631E /* BusTimeView.swift in Sources */,
				B53EB0D51C72AE2100E194D8 /* InfoViewController.swift in Sources */,
				498425101C6E1D07009309ED /* BuyTicketsViewController.swift in Sources */,
			);
			runOnlyForDeploymentPostprocessing = 0;
		};
/* End PBXSourcesBuildPhase section */

/* Begin PBXVariantGroup section */
		498425131C6E1D07009309ED /* Main.storyboard */ = {
			isa = PBXVariantGroup;
			children = (
				498425141C6E1D07009309ED /* Base */,
			);
			name = Main.storyboard;
			sourceTree = "<group>";
		};
		498425181C6E1D07009309ED /* LaunchScreen.storyboard */ = {
			isa = PBXVariantGroup;
			children = (
				498425191C6E1D07009309ED /* Base */,
			);
			name = LaunchScreen.storyboard;
			sourceTree = "<group>";
		};
/* End PBXVariantGroup section */

/* Begin XCBuildConfiguration section */
		4984251C1C6E1D07009309ED /* Debug */ = {
			isa = XCBuildConfiguration;
			buildSettings = {
				ALWAYS_SEARCH_USER_PATHS = NO;
				CLANG_CXX_LANGUAGE_STANDARD = "gnu++0x";
				CLANG_CXX_LIBRARY = "libc++";
				CLANG_ENABLE_MODULES = YES;
				CLANG_ENABLE_OBJC_ARC = YES;
				CLANG_WARN_BOOL_CONVERSION = YES;
				CLANG_WARN_CONSTANT_CONVERSION = YES;
				CLANG_WARN_DIRECT_OBJC_ISA_USAGE = YES_ERROR;
				CLANG_WARN_EMPTY_BODY = YES;
				CLANG_WARN_ENUM_CONVERSION = YES;
				CLANG_WARN_INT_CONVERSION = YES;
				CLANG_WARN_OBJC_ROOT_CLASS = YES_ERROR;
				CLANG_WARN_UNREACHABLE_CODE = YES;
				CLANG_WARN__DUPLICATE_METHOD_MATCH = YES;
				"CODE_SIGN_IDENTITY[sdk=iphoneos*]" = "iPhone Developer";
				COPY_PHASE_STRIP = NO;
				DEBUG_INFORMATION_FORMAT = dwarf;
				ENABLE_STRICT_OBJC_MSGSEND = YES;
				ENABLE_TESTABILITY = YES;
				GCC_C_LANGUAGE_STANDARD = gnu99;
				GCC_DYNAMIC_NO_PIC = NO;
				GCC_NO_COMMON_BLOCKS = YES;
				GCC_OPTIMIZATION_LEVEL = 0;
				GCC_PREPROCESSOR_DEFINITIONS = (
					"DEBUG=1",
					"$(inherited)",
				);
				GCC_WARN_64_TO_32_BIT_CONVERSION = YES;
				GCC_WARN_ABOUT_RETURN_TYPE = YES_ERROR;
				GCC_WARN_UNDECLARED_SELECTOR = YES;
				GCC_WARN_UNINITIALIZED_AUTOS = YES_AGGRESSIVE;
				GCC_WARN_UNUSED_FUNCTION = YES;
				GCC_WARN_UNUSED_VARIABLE = YES;
				IPHONEOS_DEPLOYMENT_TARGET = 9.2;
				MTL_ENABLE_DEBUG_INFO = YES;
				ONLY_ACTIVE_ARCH = YES;
				SDKROOT = iphoneos;
				SWIFT_OPTIMIZATION_LEVEL = "-Onone";
			};
			name = Debug;
		};
		4984251D1C6E1D07009309ED /* Release */ = {
			isa = XCBuildConfiguration;
			buildSettings = {
				ALWAYS_SEARCH_USER_PATHS = NO;
				CLANG_CXX_LANGUAGE_STANDARD = "gnu++0x";
				CLANG_CXX_LIBRARY = "libc++";
				CLANG_ENABLE_MODULES = YES;
				CLANG_ENABLE_OBJC_ARC = YES;
				CLANG_WARN_BOOL_CONVERSION = YES;
				CLANG_WARN_CONSTANT_CONVERSION = YES;
				CLANG_WARN_DIRECT_OBJC_ISA_USAGE = YES_ERROR;
				CLANG_WARN_EMPTY_BODY = YES;
				CLANG_WARN_ENUM_CONVERSION = YES;
				CLANG_WARN_INT_CONVERSION = YES;
				CLANG_WARN_OBJC_ROOT_CLASS = YES_ERROR;
				CLANG_WARN_UNREACHABLE_CODE = YES;
				CLANG_WARN__DUPLICATE_METHOD_MATCH = YES;
				"CODE_SIGN_IDENTITY[sdk=iphoneos*]" = "iPhone Developer";
				COPY_PHASE_STRIP = NO;
				DEBUG_INFORMATION_FORMAT = "dwarf-with-dsym";
				ENABLE_NS_ASSERTIONS = NO;
				ENABLE_STRICT_OBJC_MSGSEND = YES;
				GCC_C_LANGUAGE_STANDARD = gnu99;
				GCC_NO_COMMON_BLOCKS = YES;
				GCC_WARN_64_TO_32_BIT_CONVERSION = YES;
				GCC_WARN_ABOUT_RETURN_TYPE = YES_ERROR;
				GCC_WARN_UNDECLARED_SELECTOR = YES;
				GCC_WARN_UNINITIALIZED_AUTOS = YES_AGGRESSIVE;
				GCC_WARN_UNUSED_FUNCTION = YES;
				GCC_WARN_UNUSED_VARIABLE = YES;
				IPHONEOS_DEPLOYMENT_TARGET = 9.2;
				MTL_ENABLE_DEBUG_INFO = NO;
				SDKROOT = iphoneos;
				VALIDATE_PRODUCT = YES;
			};
			name = Release;
		};
		4984251F1C6E1D07009309ED /* Debug */ = {
			isa = XCBuildConfiguration;
			baseConfigurationReference = 5BDA638E5BBB3BFF09FC2497 /* Pods-Dartmouth Coach.debug.xcconfig */;
			buildSettings = {
				ASSETCATALOG_COMPILER_APPICON_NAME = AppIcon;
				CODE_SIGN_ENTITLEMENTS = "Dartmouth Coach/Dartmouth Coach.entitlements";
				CODE_SIGN_IDENTITY = "iPhone Developer";
				"CODE_SIGN_IDENTITY[sdk=iphoneos*]" = "iPhone Developer";
				INFOPLIST_FILE = "Dartmouth Coach/Info.plist";
				IPHONEOS_DEPLOYMENT_TARGET = 8.3;
				LD_RUNPATH_SEARCH_PATHS = "$(inherited) @executable_path/Frameworks";
				PRODUCT_BUNDLE_IDENTIFIER = "cs89.Dartmouth-Coach";
				PRODUCT_NAME = "$(TARGET_NAME)";
				PROVISIONING_PROFILE = "";
			};
			name = Debug;
		};
		498425201C6E1D07009309ED /* Release */ = {
			isa = XCBuildConfiguration;
			baseConfigurationReference = 9C72791FACB56C12F0704E06 /* Pods-Dartmouth Coach.release.xcconfig */;
			buildSettings = {
				ASSETCATALOG_COMPILER_APPICON_NAME = AppIcon;
				CODE_SIGN_ENTITLEMENTS = "Dartmouth Coach/Dartmouth Coach.entitlements";
				CODE_SIGN_IDENTITY = "iPhone Developer";
				"CODE_SIGN_IDENTITY[sdk=iphoneos*]" = "iPhone Developer";
				INFOPLIST_FILE = "Dartmouth Coach/Info.plist";
				IPHONEOS_DEPLOYMENT_TARGET = 8.3;
				LD_RUNPATH_SEARCH_PATHS = "$(inherited) @executable_path/Frameworks";
				PRODUCT_BUNDLE_IDENTIFIER = "cs89.Dartmouth-Coach";
				PRODUCT_NAME = "$(TARGET_NAME)";
				PROVISIONING_PROFILE = "";
			};
			name = Release;
		};
/* End XCBuildConfiguration section */

/* Begin XCConfigurationList section */
		498425051C6E1D07009309ED /* Build configuration list for PBXProject "Dartmouth Coach" */ = {
			isa = XCConfigurationList;
			buildConfigurations = (
				4984251C1C6E1D07009309ED /* Debug */,
				4984251D1C6E1D07009309ED /* Release */,
			);
			defaultConfigurationIsVisible = 0;
			defaultConfigurationName = Release;
		};
		4984251E1C6E1D07009309ED /* Build configuration list for PBXNativeTarget "Dartmouth Coach" */ = {
			isa = XCConfigurationList;
			buildConfigurations = (
				4984251F1C6E1D07009309ED /* Debug */,
				498425201C6E1D07009309ED /* Release */,
			);
			defaultConfigurationIsVisible = 0;
			defaultConfigurationName = Release;
		};
/* End XCConfigurationList section */
	};
	rootObject = 498425021C6E1D07009309ED /* Project object */;
}
